// !$*UTF8*$!
{
	archiveVersion = 1;
	classes = {
	};
	objectVersion = 46;
	objects = {

/* Begin PBXBuildFile section */
		6B0A07F81DB6857E0051DD50 /* KBucket_tests.mm in Sources */ = {isa = PBXBuildFile; fileRef = 6B0A07F71DB6857E0051DD50 /* KBucket_tests.mm */; };
		6B0A07FA1DB688690051DD50 /* Performer_tests.mm in Sources */ = {isa = PBXBuildFile; fileRef = 6B0A07F91DB688690051DD50 /* Performer_tests.mm */; };
		6B0A07FC1DB688B50051DD50 /* Messenger_tests.mm in Sources */ = {isa = PBXBuildFile; fileRef = 6B0A07FB1DB688B50051DD50 /* Messenger_tests.mm */; };
		6B27F77C1D95169C0049D4C2 /* Distance.cpp in Sources */ = {isa = PBXBuildFile; fileRef = 6B27F76C1D95169C0049D4C2 /* Distance.cpp */; };
		6B27F77D1D95169C0049D4C2 /* Ip.cpp in Sources */ = {isa = PBXBuildFile; fileRef = 6B27F76E1D95169C0049D4C2 /* Ip.cpp */; };
		6B27F77E1D95169C0049D4C2 /* Kbucket.cpp in Sources */ = {isa = PBXBuildFile; fileRef = 6B27F7701D95169C0049D4C2 /* Kbucket.cpp */; };
		6B27F77F1D95169C0049D4C2 /* Key.cpp in Sources */ = {isa = PBXBuildFile; fileRef = 6B27F7721D95169C0049D4C2 /* Key.cpp */; };
		6B27F7801D95169C0049D4C2 /* main.cpp in Sources */ = {isa = PBXBuildFile; fileRef = 6B27F7741D95169C0049D4C2 /* main.cpp */; };
		6B27F7811D95169C0049D4C2 /* Messenger.cpp in Sources */ = {isa = PBXBuildFile; fileRef = 6B27F7751D95169C0049D4C2 /* Messenger.cpp */; };
		6B27F7821D95169C0049D4C2 /* Node.cpp in Sources */ = {isa = PBXBuildFile; fileRef = 6B27F7771D95169C0049D4C2 /* Node.cpp */; };
		6B27F7831D95169C0049D4C2 /* Performer.cpp in Sources */ = {isa = PBXBuildFile; fileRef = 6B27F7791D95169C0049D4C2 /* Performer.cpp */; };
		6B27F7841D9517230049D4C2 /* Distance.cpp in Sources */ = {isa = PBXBuildFile; fileRef = 6B27F76C1D95169C0049D4C2 /* Distance.cpp */; };
		6B27F7861D9517230049D4C2 /* Ip.cpp in Sources */ = {isa = PBXBuildFile; fileRef = 6B27F76E1D95169C0049D4C2 /* Ip.cpp */; };
		6B27F7881D9517230049D4C2 /* Kbucket.cpp in Sources */ = {isa = PBXBuildFile; fileRef = 6B27F7701D95169C0049D4C2 /* Kbucket.cpp */; };
		6B27F78A1D9517230049D4C2 /* Key.cpp in Sources */ = {isa = PBXBuildFile; fileRef = 6B27F7721D95169C0049D4C2 /* Key.cpp */; };
		6B27F78C1D9517230049D4C2 /* main.cpp in Sources */ = {isa = PBXBuildFile; fileRef = 6B27F7741D95169C0049D4C2 /* main.cpp */; };
		6B27F78D1D9517230049D4C2 /* Messenger.cpp in Sources */ = {isa = PBXBuildFile; fileRef = 6B27F7751D95169C0049D4C2 /* Messenger.cpp */; };
		6B27F78F1D9517230049D4C2 /* Node.cpp in Sources */ = {isa = PBXBuildFile; fileRef = 6B27F7771D95169C0049D4C2 /* Node.cpp */; };
		6B27F7911D9517230049D4C2 /* Performer.cpp in Sources */ = {isa = PBXBuildFile; fileRef = 6B27F7791D95169C0049D4C2 /* Performer.cpp */; };
		6B84F7841D6F632E004E52F6 /* Ip_tests.mm in Sources */ = {isa = PBXBuildFile; fileRef = 6B84F7831D6F632E004E52F6 /* Ip_tests.mm */; };
		6BBE0C561D6F57A60013D5D4 /* Distance_tests.mm in Sources */ = {isa = PBXBuildFile; fileRef = 6BBE0C551D6F57A60013D5D4 /* Distance_tests.mm */; };
		6BBE0C6E1D6F5C6B0013D5D4 /* Key_tests.mm in Sources */ = {isa = PBXBuildFile; fileRef = 6BBE0C6D1D6F5C6B0013D5D4 /* Key_tests.mm */; };
		6BEA315A1D7087F900C31F9A /* Node_tests.mm in Sources */ = {isa = PBXBuildFile; fileRef = 6BEA31591D7087F900C31F9A /* Node_tests.mm */; };
		6BF9B6921EA77414004BA990 /* NeighbourManager.cpp in Sources */ = {isa = PBXBuildFile; fileRef = 6BF9B6901EA77414004BA990 /* NeighbourManager.cpp */; };
		6BF9B6931EA775A2004BA990 /* NeighbourManager.cpp in Sources */ = {isa = PBXBuildFile; fileRef = 6BF9B6901EA77414004BA990 /* NeighbourManager.cpp */; };
/* End PBXBuildFile section */

/* Begin PBXCopyFilesBuildPhase section */
		6B557DC91D49154800FA7352 /* CopyFiles */ = {
			isa = PBXCopyFilesBuildPhase;
			buildActionMask = 2147483647;
			dstPath = /usr/share/man/man1/;
			dstSubfolderSpec = 0;
			files = (
			);
			runOnlyForDeploymentPostprocessing = 1;
		};
/* End PBXCopyFilesBuildPhase section */

/* Begin PBXFileReference section */
		6B0A07F71DB6857E0051DD50 /* KBucket_tests.mm */ = {isa = PBXFileReference; fileEncoding = 4; lastKnownFileType = sourcecode.cpp.objcpp; path = KBucket_tests.mm; sourceTree = "<group>"; };
		6B0A07F91DB688690051DD50 /* Performer_tests.mm */ = {isa = PBXFileReference; fileEncoding = 4; lastKnownFileType = sourcecode.cpp.objcpp; path = Performer_tests.mm; sourceTree = "<group>"; };
		6B0A07FB1DB688B50051DD50 /* Messenger_tests.mm */ = {isa = PBXFileReference; fileEncoding = 4; lastKnownFileType = sourcecode.cpp.objcpp; path = Messenger_tests.mm; sourceTree = "<group>"; };
		6B27F76C1D95169C0049D4C2 /* Distance.cpp */ = {isa = PBXFileReference; fileEncoding = 4; lastKnownFileType = sourcecode.cpp.cpp; name = Distance.cpp; path = src/Distance.cpp; sourceTree = "<group>"; };
		6B27F76D1D95169C0049D4C2 /* Distance.hpp */ = {isa = PBXFileReference; fileEncoding = 4; lastKnownFileType = sourcecode.cpp.h; name = Distance.hpp; path = src/Distance.hpp; sourceTree = "<group>"; };
		6B27F76E1D95169C0049D4C2 /* Ip.cpp */ = {isa = PBXFileReference; fileEncoding = 4; lastKnownFileType = sourcecode.cpp.cpp; name = Ip.cpp; path = src/Ip.cpp; sourceTree = "<group>"; };
		6B27F76F1D95169C0049D4C2 /* Ip.hpp */ = {isa = PBXFileReference; fileEncoding = 4; lastKnownFileType = sourcecode.cpp.h; name = Ip.hpp; path = src/Ip.hpp; sourceTree = "<group>"; };
		6B27F7701D95169C0049D4C2 /* Kbucket.cpp */ = {isa = PBXFileReference; fileEncoding = 4; lastKnownFileType = sourcecode.cpp.cpp; name = Kbucket.cpp; path = src/Kbucket.cpp; sourceTree = "<group>"; };
		6B27F7711D95169C0049D4C2 /* Kbucket.hpp */ = {isa = PBXFileReference; fileEncoding = 4; lastKnownFileType = sourcecode.cpp.h; name = Kbucket.hpp; path = src/Kbucket.hpp; sourceTree = "<group>"; };
		6B27F7721D95169C0049D4C2 /* Key.cpp */ = {isa = PBXFileReference; fileEncoding = 4; lastKnownFileType = sourcecode.cpp.cpp; name = Key.cpp; path = src/Key.cpp; sourceTree = "<group>"; };
		6B27F7731D95169C0049D4C2 /* Key.hpp */ = {isa = PBXFileReference; fileEncoding = 4; lastKnownFileType = sourcecode.cpp.h; name = Key.hpp; path = src/Key.hpp; sourceTree = "<group>"; };
		6B27F7741D95169C0049D4C2 /* main.cpp */ = {isa = PBXFileReference; fileEncoding = 4; lastKnownFileType = sourcecode.cpp.cpp; name = main.cpp; path = src/main.cpp; sourceTree = "<group>"; };
		6B27F7751D95169C0049D4C2 /* Messenger.cpp */ = {isa = PBXFileReference; fileEncoding = 4; lastKnownFileType = sourcecode.cpp.cpp; name = Messenger.cpp; path = src/Messenger.cpp; sourceTree = "<group>"; };
		6B27F7761D95169C0049D4C2 /* Messenger.hpp */ = {isa = PBXFileReference; fileEncoding = 4; lastKnownFileType = sourcecode.cpp.h; name = Messenger.hpp; path = src/Messenger.hpp; sourceTree = "<group>"; };
		6B27F7771D95169C0049D4C2 /* Node.cpp */ = {isa = PBXFileReference; fileEncoding = 4; lastKnownFileType = sourcecode.cpp.cpp; name = Node.cpp; path = src/Node.cpp; sourceTree = "<group>"; };
		6B27F7781D95169C0049D4C2 /* Node.hpp */ = {isa = PBXFileReference; fileEncoding = 4; lastKnownFileType = sourcecode.cpp.h; name = Node.hpp; path = src/Node.hpp; sourceTree = "<group>"; };
		6B27F7791D95169C0049D4C2 /* Performer.cpp */ = {isa = PBXFileReference; fileEncoding = 4; lastKnownFileType = sourcecode.cpp.cpp; name = Performer.cpp; path = src/Performer.cpp; sourceTree = "<group>"; };
		6B27F77A1D95169C0049D4C2 /* Performer.hpp */ = {isa = PBXFileReference; fileEncoding = 4; lastKnownFileType = sourcecode.cpp.h; name = Performer.hpp; path = src/Performer.hpp; sourceTree = "<group>"; };
		6B27F77B1D95169C0049D4C2 /* settings.h */ = {isa = PBXFileReference; fileEncoding = 4; lastKnownFileType = sourcecode.c.h; name = settings.h; path = src/settings.h; sourceTree = "<group>"; };
		6B557DCB1D49154800FA7352 /* Kademlia */ = {isa = PBXFileReference; explicitFileType = "compiled.mach-o.executable"; includeInIndex = 0; path = Kademlia; sourceTree = BUILT_PRODUCTS_DIR; };
		6B84F7831D6F632E004E52F6 /* Ip_tests.mm */ = {isa = PBXFileReference; fileEncoding = 4; lastKnownFileType = sourcecode.cpp.objcpp; path = Ip_tests.mm; sourceTree = "<group>"; };
		6BBE0C531D6F57A60013D5D4 /* UnitTestsXCT.xctest */ = {isa = PBXFileReference; explicitFileType = wrapper.cfbundle; includeInIndex = 0; path = UnitTestsXCT.xctest; sourceTree = BUILT_PRODUCTS_DIR; };
		6BBE0C551D6F57A60013D5D4 /* Distance_tests.mm */ = {isa = PBXFileReference; lastKnownFileType = sourcecode.cpp.objcpp; path = Distance_tests.mm; sourceTree = "<group>"; };
		6BBE0C571D6F57A60013D5D4 /* Info.plist */ = {isa = PBXFileReference; lastKnownFileType = text.plist.xml; path = Info.plist; sourceTree = "<group>"; };
		6BBE0C6D1D6F5C6B0013D5D4 /* Key_tests.mm */ = {isa = PBXFileReference; fileEncoding = 4; lastKnownFileType = sourcecode.cpp.objcpp; path = Key_tests.mm; sourceTree = "<group>"; };
		6BC164A91D6C850C0058A18E /* Makefile */ = {isa = PBXFileReference; fileEncoding = 4; lastKnownFileType = sourcecode.make; path = Makefile; sourceTree = "<group>"; };
		6BEA31591D7087F900C31F9A /* Node_tests.mm */ = {isa = PBXFileReference; fileEncoding = 4; lastKnownFileType = sourcecode.cpp.objcpp; path = Node_tests.mm; sourceTree = "<group>"; };
		6BF9B6901EA77414004BA990 /* NeighbourManager.cpp */ = {isa = PBXFileReference; fileEncoding = 4; lastKnownFileType = sourcecode.cpp.cpp; name = NeighbourManager.cpp; path = src/NeighbourManager.cpp; sourceTree = "<group>"; };
		6BF9B6911EA77414004BA990 /* NeighbourManager.hpp */ = {isa = PBXFileReference; fileEncoding = 4; lastKnownFileType = sourcecode.cpp.h; name = NeighbourManager.hpp; path = src/NeighbourManager.hpp; sourceTree = "<group>"; };
/* End PBXFileReference section */

/* Begin PBXFrameworksBuildPhase section */
		6B557DC81D49154800FA7352 /* Frameworks */ = {
			isa = PBXFrameworksBuildPhase;
			buildActionMask = 2147483647;
			files = (
			);
			runOnlyForDeploymentPostprocessing = 0;
		};
		6BBE0C501D6F57A60013D5D4 /* Frameworks */ = {
			isa = PBXFrameworksBuildPhase;
			buildActionMask = 2147483647;
			files = (
			);
			runOnlyForDeploymentPostprocessing = 0;
		};
/* End PBXFrameworksBuildPhase section */

/* Begin PBXGroup section */
		6B27F76B1D95168F0049D4C2 /* src */ = {
			isa = PBXGroup;
			children = (
				6B27F76C1D95169C0049D4C2 /* Distance.cpp */,
				6B27F76D1D95169C0049D4C2 /* Distance.hpp */,
				6BF9B6901EA77414004BA990 /* NeighbourManager.cpp */,
				6BF9B6911EA77414004BA990 /* NeighbourManager.hpp */,
				6B27F76E1D95169C0049D4C2 /* Ip.cpp */,
				6B27F76F1D95169C0049D4C2 /* Ip.hpp */,
				6B27F7701D95169C0049D4C2 /* Kbucket.cpp */,
				6B27F7711D95169C0049D4C2 /* Kbucket.hpp */,
				6B27F7721D95169C0049D4C2 /* Key.cpp */,
				6B27F7731D95169C0049D4C2 /* Key.hpp */,
				6B27F7741D95169C0049D4C2 /* main.cpp */,
				6B27F7751D95169C0049D4C2 /* Messenger.cpp */,
				6B27F7761D95169C0049D4C2 /* Messenger.hpp */,
				6B27F7771D95169C0049D4C2 /* Node.cpp */,
				6B27F7781D95169C0049D4C2 /* Node.hpp */,
				6B27F7791D95169C0049D4C2 /* Performer.cpp */,
				6B27F77A1D95169C0049D4C2 /* Performer.hpp */,
				6B27F77B1D95169C0049D4C2 /* settings.h */,
			);
			name = src;
			sourceTree = "<group>";
		};
		6B557DC21D49154800FA7352 = {
			isa = PBXGroup;
			children = (
				6BC164A91D6C850C0058A18E /* Makefile */,
				6B27F76B1D95168F0049D4C2 /* src */,
				6BBE0C541D6F57A60013D5D4 /* UnitTestsXCT */,
				6B557DCC1D49154800FA7352 /* Products */,
			);
			sourceTree = "<group>";
		};
		6B557DCC1D49154800FA7352 /* Products */ = {
			isa = PBXGroup;
			children = (
				6B557DCB1D49154800FA7352 /* Kademlia */,
				6BBE0C531D6F57A60013D5D4 /* UnitTestsXCT.xctest */,
			);
			name = Products;
			sourceTree = "<group>";
		};
		6BBE0C541D6F57A60013D5D4 /* UnitTestsXCT */ = {
			isa = PBXGroup;
			children = (
				6B0A07FB1DB688B50051DD50 /* Messenger_tests.mm */,
				6B0A07F91DB688690051DD50 /* Performer_tests.mm */,
				6B0A07F71DB6857E0051DD50 /* KBucket_tests.mm */,
				6BEA31591D7087F900C31F9A /* Node_tests.mm */,
				6B84F7831D6F632E004E52F6 /* Ip_tests.mm */,
				6BBE0C6D1D6F5C6B0013D5D4 /* Key_tests.mm */,
				6BBE0C551D6F57A60013D5D4 /* Distance_tests.mm */,
				6BBE0C571D6F57A60013D5D4 /* Info.plist */,
			);
			path = UnitTestsXCT;
			sourceTree = "<group>";
		};
/* End PBXGroup section */

/* Begin PBXNativeTarget section */
		6B557DCA1D49154800FA7352 /* Kademlia */ = {
			isa = PBXNativeTarget;
			buildConfigurationList = 6B557DD21D49154800FA7352 /* Build configuration list for PBXNativeTarget "Kademlia" */;
			buildPhases = (
				6B557DC71D49154800FA7352 /* Sources */,
				6B557DC81D49154800FA7352 /* Frameworks */,
				6B557DC91D49154800FA7352 /* CopyFiles */,
			);
			buildRules = (
			);
			dependencies = (
			);
			name = Kademlia;
			productName = Kademlia;
			productReference = 6B557DCB1D49154800FA7352 /* Kademlia */;
			productType = "com.apple.product-type.tool";
		};
		6BBE0C521D6F57A60013D5D4 /* UnitTestsXCT */ = {
			isa = PBXNativeTarget;
			buildConfigurationList = 6BBE0C581D6F57A60013D5D4 /* Build configuration list for PBXNativeTarget "UnitTestsXCT" */;
			buildPhases = (
				6BBE0C4F1D6F57A60013D5D4 /* Sources */,
				6BBE0C501D6F57A60013D5D4 /* Frameworks */,
				6BBE0C511D6F57A60013D5D4 /* Resources */,
			);
			buildRules = (
			);
			dependencies = (
			);
			name = UnitTestsXCT;
			productName = UnitTestsXCT;
			productReference = 6BBE0C531D6F57A60013D5D4 /* UnitTestsXCT.xctest */;
			productType = "com.apple.product-type.bundle.unit-test";
		};
/* End PBXNativeTarget section */

/* Begin PBXProject section */
		6B557DC31D49154800FA7352 /* Project object */ = {
			isa = PBXProject;
			attributes = {
				LastUpgradeCheck = 0820;
				ORGANIZATIONNAME = DS_project;
				TargetAttributes = {
					6B557DCA1D49154800FA7352 = {
						CreatedOnToolsVersion = 7.3;
					};
					6BBE0C521D6F57A60013D5D4 = {
						CreatedOnToolsVersion = 7.3;
					};
				};
			};
			buildConfigurationList = 6B557DC61D49154800FA7352 /* Build configuration list for PBXProject "Kademlia" */;
			compatibilityVersion = "Xcode 3.2";
			developmentRegion = English;
			hasScannedForEncodings = 0;
			knownRegions = (
				en,
			);
			mainGroup = 6B557DC21D49154800FA7352;
			productRefGroup = 6B557DCC1D49154800FA7352 /* Products */;
			projectDirPath = "";
			projectRoot = "";
			targets = (
				6B557DCA1D49154800FA7352 /* Kademlia */,
				6BBE0C521D6F57A60013D5D4 /* UnitTestsXCT */,
			);
		};
/* End PBXProject section */

/* Begin PBXResourcesBuildPhase section */
		6BBE0C511D6F57A60013D5D4 /* Resources */ = {
			isa = PBXResourcesBuildPhase;
			buildActionMask = 2147483647;
			files = (
			);
			runOnlyForDeploymentPostprocessing = 0;
		};
/* End PBXResourcesBuildPhase section */

/* Begin PBXSourcesBuildPhase section */
		6B557DC71D49154800FA7352 /* Sources */ = {
			isa = PBXSourcesBuildPhase;
			buildActionMask = 2147483647;
			files = (
				6B27F77C1D95169C0049D4C2 /* Distance.cpp in Sources */,
				6B27F77E1D95169C0049D4C2 /* Kbucket.cpp in Sources */,
				6B27F7801D95169C0049D4C2 /* main.cpp in Sources */,
				6B27F77F1D95169C0049D4C2 /* Key.cpp in Sources */,
				6BF9B6921EA77414004BA990 /* NeighbourManager.cpp in Sources */,
				6B27F77D1D95169C0049D4C2 /* Ip.cpp in Sources */,
				6B27F7811D95169C0049D4C2 /* Messenger.cpp in Sources */,
				6B27F7831D95169C0049D4C2 /* Performer.cpp in Sources */,
				6B27F7821D95169C0049D4C2 /* Node.cpp in Sources */,
			);
			runOnlyForDeploymentPostprocessing = 0;
		};
		6BBE0C4F1D6F57A60013D5D4 /* Sources */ = {
			isa = PBXSourcesBuildPhase;
			buildActionMask = 2147483647;
			files = (
				6BF9B6931EA775A2004BA990 /* NeighbourManager.cpp in Sources */,
				6B27F7841D9517230049D4C2 /* Distance.cpp in Sources */,
				6B27F7861D9517230049D4C2 /* Ip.cpp in Sources */,
				6B0A07FC1DB688B50051DD50 /* Messenger_tests.mm in Sources */,
				6B27F7881D9517230049D4C2 /* Kbucket.cpp in Sources */,
				6B27F78A1D9517230049D4C2 /* Key.cpp in Sources */,
				6B27F78C1D9517230049D4C2 /* main.cpp in Sources */,
				6B27F78D1D9517230049D4C2 /* Messenger.cpp in Sources */,
				6B27F78F1D9517230049D4C2 /* Node.cpp in Sources */,
				6B27F7911D9517230049D4C2 /* Performer.cpp in Sources */,
				6B0A07F81DB6857E0051DD50 /* KBucket_tests.mm in Sources */,
				6BEA315A1D7087F900C31F9A /* Node_tests.mm in Sources */,
				6B84F7841D6F632E004E52F6 /* Ip_tests.mm in Sources */,
				6BBE0C6E1D6F5C6B0013D5D4 /* Key_tests.mm in Sources */,
				6B0A07FA1DB688690051DD50 /* Performer_tests.mm in Sources */,
				6BBE0C561D6F57A60013D5D4 /* Distance_tests.mm in Sources */,
			);
			runOnlyForDeploymentPostprocessing = 0;
		};
/* End PBXSourcesBuildPhase section */

/* Begin XCBuildConfiguration section */
		6B557DD01D49154800FA7352 /* Debug */ = {
			isa = XCBuildConfiguration;
			buildSettings = {
				ALWAYS_SEARCH_USER_PATHS = NO;
				CLANG_ANALYZER_NONNULL = YES;
				CLANG_CXX_LANGUAGE_STANDARD = "gnu++0x";
				CLANG_CXX_LIBRARY = "libc++";
				CLANG_ENABLE_MODULES = YES;
				CLANG_ENABLE_OBJC_ARC = YES;
				CLANG_WARN_BOOL_CONVERSION = YES;
				CLANG_WARN_CONSTANT_CONVERSION = YES;
				CLANG_WARN_DIRECT_OBJC_ISA_USAGE = YES_ERROR;
				CLANG_WARN_EMPTY_BODY = YES;
				CLANG_WARN_ENUM_CONVERSION = YES;
				CLANG_WARN_INFINITE_RECURSION = YES;
				CLANG_WARN_INT_CONVERSION = YES;
				CLANG_WARN_OBJC_ROOT_CLASS = YES_ERROR;
				CLANG_WARN_SUSPICIOUS_MOVE = YES;
				CLANG_WARN_UNREACHABLE_CODE = YES;
				CLANG_WARN__DUPLICATE_METHOD_MATCH = YES;
				CODE_SIGN_IDENTITY = "-";
				COPY_PHASE_STRIP = NO;
				DEBUG_INFORMATION_FORMAT = dwarf;
				ENABLE_STRICT_OBJC_MSGSEND = YES;
				ENABLE_TESTABILITY = YES;
				GCC_C_LANGUAGE_STANDARD = gnu99;
				GCC_DYNAMIC_NO_PIC = NO;
				GCC_NO_COMMON_BLOCKS = YES;
				GCC_OPTIMIZATION_LEVEL = 0;
				GCC_PREPROCESSOR_DEFINITIONS = (
					"DEBUG=1",
					"$(inherited)",
				);
				GCC_WARN_64_TO_32_BIT_CONVERSION = YES;
				GCC_WARN_ABOUT_RETURN_TYPE = YES_ERROR;
				GCC_WARN_UNDECLARED_SELECTOR = YES;
				GCC_WARN_UNINITIALIZED_AUTOS = YES_AGGRESSIVE;
				GCC_WARN_UNUSED_FUNCTION = YES;
				GCC_WARN_UNUSED_VARIABLE = YES;
				MACOSX_DEPLOYMENT_TARGET = 10.11;
				MTL_ENABLE_DEBUG_INFO = YES;
				ONLY_ACTIVE_ARCH = YES;
				SDKROOT = macosx;
			};
			name = Debug;
		};
		6B557DD11D49154800FA7352 /* Release */ = {
			isa = XCBuildConfiguration;
			buildSettings = {
				ALWAYS_SEARCH_USER_PATHS = NO;
				CLANG_ANALYZER_NONNULL = YES;
				CLANG_CXX_LANGUAGE_STANDARD = "gnu++0x";
				CLANG_CXX_LIBRARY = "libc++";
				CLANG_ENABLE_MODULES = YES;
				CLANG_ENABLE_OBJC_ARC = YES;
				CLANG_WARN_BOOL_CONVERSION = YES;
				CLANG_WARN_CONSTANT_CONVERSION = YES;
				CLANG_WARN_DIRECT_OBJC_ISA_USAGE = YES_ERROR;
				CLANG_WARN_EMPTY_BODY = YES;
				CLANG_WARN_ENUM_CONVERSION = YES;
				CLANG_WARN_INFINITE_RECURSION = YES;
				CLANG_WARN_INT_CONVERSION = YES;
				CLANG_WARN_OBJC_ROOT_CLASS = YES_ERROR;
				CLANG_WARN_SUSPICIOUS_MOVE = YES;
				CLANG_WARN_UNREACHABLE_CODE = YES;
				CLANG_WARN__DUPLICATE_METHOD_MATCH = YES;
				CODE_SIGN_IDENTITY = "-";
				COPY_PHASE_STRIP = NO;
				DEBUG_INFORMATION_FORMAT = "dwarf-with-dsym";
				ENABLE_NS_ASSERTIONS = NO;
				ENABLE_STRICT_OBJC_MSGSEND = YES;
				GCC_C_LANGUAGE_STANDARD = gnu99;
				GCC_NO_COMMON_BLOCKS = YES;
				GCC_WARN_64_TO_32_BIT_CONVERSION = YES;
				GCC_WARN_ABOUT_RETURN_TYPE = YES_ERROR;
				GCC_WARN_UNDECLARED_SELECTOR = YES;
				GCC_WARN_UNINITIALIZED_AUTOS = YES_AGGRESSIVE;
				GCC_WARN_UNUSED_FUNCTION = YES;
				GCC_WARN_UNUSED_VARIABLE = YES;
				MACOSX_DEPLOYMENT_TARGET = 10.11;
				MTL_ENABLE_DEBUG_INFO = NO;
				SDKROOT = macosx;
			};
			name = Release;
		};
		6B557DD31D49154800FA7352 /* Debug */ = {
			isa = XCBuildConfiguration;
			buildSettings = {
				GCC_ENABLE_CPP_EXCEPTIONS = NO;
				GCC_ENABLE_CPP_RTTI = NO;
				GCC_WARN_PEDANTIC = YES;
				MACOSX_DEPLOYMENT_TARGET = 10.10;
				PRODUCT_NAME = "$(TARGET_NAME)";
				STRINGS_FILE_OUTPUT_ENCODING = "UTF-8";
			};
			name = Debug;
		};
		6B557DD41D49154800FA7352 /* Release */ = {
			isa = XCBuildConfiguration;
			buildSettings = {
				GCC_ENABLE_CPP_EXCEPTIONS = NO;
				GCC_ENABLE_CPP_RTTI = NO;
				GCC_WARN_PEDANTIC = YES;
				MACOSX_DEPLOYMENT_TARGET = 10.10;
				PRODUCT_NAME = "$(TARGET_NAME)";
				STRINGS_FILE_OUTPUT_ENCODING = "UTF-8";
			};
			name = Release;
		};
		6BBE0C591D6F57A60013D5D4 /* Debug */ = {
			isa = XCBuildConfiguration;
			buildSettings = {
				CLANG_CXX_LIBRARY = "libc++";
				COMBINE_HIDPI_IMAGES = YES;
				INFOPLIST_FILE = UnitTestsXCT/Info.plist;
				LD_RUNPATH_SEARCH_PATHS = "$(inherited) @executable_path/../Frameworks @loader_path/../Frameworks";
				PRODUCT_BUNDLE_IDENTIFIER = DSP.UnitTestsXCT;
				PRODUCT_NAME = "$(TARGET_NAME)";
			};
			name = Debug;
		};
		6BBE0C5A1D6F57A60013D5D4 /* Release */ = {
			isa = XCBuildConfiguration;
			buildSettings = {
				CLANG_CXX_LIBRARY = "libc++";
				COMBINE_HIDPI_IMAGES = YES;
				INFOPLIST_FILE = UnitTestsXCT/Info.plist;
				LD_RUNPATH_SEARCH_PATHS = "$(inherited) @executable_path/../Frameworks @loader_path/../Frameworks";
				PRODUCT_BUNDLE_IDENTIFIER = DSP.UnitTestsXCT;
				PRODUCT_NAME = "$(TARGET_NAME)";
			};
			name = Release;
		};
/* End XCBuildConfiguration section */

/* Begin XCConfigurationList section */
		6B557DC61D49154800FA7352 /* Build configuration list for PBXProject "Kademlia" */ = {
			isa = XCConfigurationList;
			buildConfigurations = (
				6B557DD01D49154800FA7352 /* Debug */,
				6B557DD11D49154800FA7352 /* Release */,
			);
			defaultConfigurationIsVisible = 0;
			defaultConfigurationName = Release;
		};
		6B557DD21D49154800FA7352 /* Build configuration list for PBXNativeTarget "Kademlia" */ = {
			isa = XCConfigurationList;
			buildConfigurations = (
				6B557DD31D49154800FA7352 /* Debug */,
				6B557DD41D49154800FA7352 /* Release */,
			);
			defaultConfigurationIsVisible = 0;
			defaultConfigurationName = Release;
		};
		6BBE0C581D6F57A60013D5D4 /* Build configuration list for PBXNativeTarget "UnitTestsXCT" */ = {
			isa = XCConfigurationList;
			buildConfigurations = (
				6BBE0C591D6F57A60013D5D4 /* Debug */,
				6BBE0C5A1D6F57A60013D5D4 /* Release */,
			);
			defaultConfigurationIsVisible = 0;
			defaultConfigurationName = Release;
		};
/* End XCConfigurationList section */
	};
	rootObject = 6B557DC31D49154800FA7352 /* Project object */;
}
